
Microsoft Visual Studio Solution File, Format Version 12.00
# Visual Studio 15
VisualStudioVersion = 15.0.28307.438
MinimumVisualStudioVersion = 10.0.40219.1
Project("{FAE04EC0-301F-11D3-BF4B-00C04F79EFBC}") = "PrimeiroProjeto", "PrimeiroProjeto\PrimeiroProjeto.csproj", "{DCEC8FC6-4F52-461F-BF6D-1502F039244E}"
EndProject
Project("{FAE04EC0-301F-11D3-BF4B-00C04F79EFBC}") = "CriandoVariaveis", "CriandoVariaveis\CriandoVariaveis.csproj", "{431BBE73-A96B-4051-A502-CD24EDCF0556}"
EndProject
Project("{FAE04EC0-301F-11D3-BF4B-00C04F79EFBC}") = "ConversoesEOutrosTiposNumericos", "ConversoesEOutrosTiposNumericos\ConversoesEOutrosTiposNumericos.csproj", "{43D39D02-7687-4270-B4DB-79F7EF32995E}"
EndProject
Project("{FAE04EC0-301F-11D3-BF4B-00C04F79EFBC}") = "TestaCaracteres", "TestaCaracteres\TestaCaracteres.csproj", "{FFC7F213-1F3F-49C5-A090-FED6937C3CDB}"
EndProject
Project("{FAE04EC0-301F-11D3-BF4B-00C04F79EFBC}") = "Condicional", "Condicional\Condicional.csproj", "{DDCE3F6C-2889-4CE3-8F63-E0AA32743006}"
EndProject
Project("{FAE04EC0-301F-11D3-BF4B-00C04F79EFBC}") = "TestaCondicional2", "TestaCondicional2\TestaCondicional2.csproj", "{360366FB-90C1-4A83-8841-0C7EA6549139}"
EndProject
Project("{FAE04EC0-301F-11D3-BF4B-00C04F79EFBC}") = "Escopo", "Escopo\Escopo.csproj", "{5CD7652E-037E-437F-BF60-46EBC2B82750}"
EndProject
Project("{FAE04EC0-301F-11D3-BF4B-00C04F79EFBC}") = "TestaEscopo", "TestaEscopo\TestaEscopo.csproj", "{D54EC3DB-8C85-43CF-B81A-4680093E5608}"
EndProject
Project("{FAE04EC0-301F-11D3-BF4B-00C04F79EFBC}") = "ImpostoDeRenda", "ImpostoDeRenda\ImpostoDeRenda.csproj", "{037DA3B2-368E-489A-9190-AAC6A2666D45}"
EndProject
Project("{FAE04EC0-301F-11D3-BF4B-00C04F79EFBC}") = "LacoDeRepeticaoWhile", "While\LacoDeRepeticaoWhile.csproj", "{31A42251-9F85-425E-BCC9-98E47E0A401A}"
EndProject
Project("{FAE04EC0-301F-11D3-BF4B-00C04F79EFBC}") = "1-while", "1-while\1-while.csproj", "{BEC49638-A9E6-4ED9-839B-F5EF54685071}"
EndProject
Project("{FAE04EC0-301F-11D3-BF4B-00C04F79EFBC}") = "LacoDeRepeticaoFor", "LacoDeRepeticaoFor\LacoDeRepeticaoFor.csproj", "{1E04A23D-6D94-449C-8ABF-E7844310A826}"
EndProject
Project("{FAE04EC0-301F-11D3-BF4B-00C04F79EFBC}") = "2-LaçoDeRepetiçaoFor", "2-LaçoDeRepetiçaoFor\2-LaçoDeRepetiçaoFor.csproj", "{02639B31-49F3-4606-84EE-FB505A2A3757}"
EndProject
Project("{FAE04EC0-301F-11D3-BF4B-00C04F79EFBC}") = "3-LacoDeRepeticaoFor", "3-LacoDeRepeticaoFor\3-LacoDeRepeticaoFor.csproj", "{9C21ADBB-2FA7-4A65-85EA-CA129572382F}"
EndProject
Project("{FAE04EC0-301F-11D3-BF4B-00C04F79EFBC}") = "DesafioOpcional-MultiplosDe3", "DesafioOpcional-MultiplosDe3\DesafioOpcional-MultiplosDe3.csproj", "{8927B98D-254C-41EA-A0FF-E21504BC71DB}"
EndProject
Project("{FAE04EC0-301F-11D3-BF4B-00C04F79EFBC}") = "2-DesafioOpcional-Fatoral", "2-DesafioOpcional-Fatoral\2-DesafioOpcional-Fatoral.csproj", "{9B4542C2-4F5C-4AE7-A72B-0643B5E7D41F}"
EndProject
Project("{FAE04EC0-301F-11D3-BF4B-00C04F79EFBC}") = "Resumo", "Resumo\Resumo.csproj", "{378F330F-7A09-4315-B729-0F538928ED55}"
EndProject
Global
	GlobalSection(SolutionConfigurationPlatforms) = preSolution
		Debug|Any CPU = Debug|Any CPU
		Release|Any CPU = Release|Any CPU
	EndGlobalSection
	GlobalSection(ProjectConfigurationPlatforms) = postSolution
		{DCEC8FC6-4F52-461F-BF6D-1502F039244E}.Debug|Any CPU.ActiveCfg = Debug|Any CPU
		{DCEC8FC6-4F52-461F-BF6D-1502F039244E}.Debug|Any CPU.Build.0 = Debug|Any CPU
		{DCEC8FC6-4F52-461F-BF6D-1502F039244E}.Release|Any CPU.ActiveCfg = Release|Any CPU
		{DCEC8FC6-4F52-461F-BF6D-1502F039244E}.Release|Any CPU.Build.0 = Release|Any CPU
		{431BBE73-A96B-4051-A502-CD24EDCF0556}.Debug|Any CPU.ActiveCfg = Debug|Any CPU
		{431BBE73-A96B-4051-A502-CD24EDCF0556}.Debug|Any CPU.Build.0 = Debug|Any CPU
		{431BBE73-A96B-4051-A502-CD24EDCF0556}.Release|Any CPU.ActiveCfg = Release|Any CPU
		{431BBE73-A96B-4051-A502-CD24EDCF0556}.Release|Any CPU.Build.0 = Release|Any CPU
		{43D39D02-7687-4270-B4DB-79F7EF32995E}.Debug|Any CPU.ActiveCfg = Debug|Any CPU
		{43D39D02-7687-4270-B4DB-79F7EF32995E}.Debug|Any CPU.Build.0 = Debug|Any CPU
		{43D39D02-7687-4270-B4DB-79F7EF32995E}.Release|Any CPU.ActiveCfg = Release|Any CPU
		{43D39D02-7687-4270-B4DB-79F7EF32995E}.Release|Any CPU.Build.0 = Release|Any CPU
		{FFC7F213-1F3F-49C5-A090-FED6937C3CDB}.Debug|Any CPU.ActiveCfg = Debug|Any CPU
		{FFC7F213-1F3F-49C5-A090-FED6937C3CDB}.Debug|Any CPU.Build.0 = Debug|Any CPU
		{FFC7F213-1F3F-49C5-A090-FED6937C3CDB}.Release|Any CPU.ActiveCfg = Release|Any CPU
		{FFC7F213-1F3F-49C5-A090-FED6937C3CDB}.Release|Any CPU.Build.0 = Release|Any CPU
		{DDCE3F6C-2889-4CE3-8F63-E0AA32743006}.Debug|Any CPU.ActiveCfg = Debug|Any CPU
		{DDCE3F6C-2889-4CE3-8F63-E0AA32743006}.Debug|Any CPU.Build.0 = Debug|Any CPU
		{DDCE3F6C-2889-4CE3-8F63-E0AA32743006}.Release|Any CPU.ActiveCfg = Release|Any CPU
		{DDCE3F6C-2889-4CE3-8F63-E0AA32743006}.Release|Any CPU.Build.0 = Release|Any CPU
		{360366FB-90C1-4A83-8841-0C7EA6549139}.Debug|Any CPU.ActiveCfg = Debug|Any CPU
		{360366FB-90C1-4A83-8841-0C7EA6549139}.Debug|Any CPU.Build.0 = Debug|Any CPU
		{360366FB-90C1-4A83-8841-0C7EA6549139}.Release|Any CPU.ActiveCfg = Release|Any CPU
		{360366FB-90C1-4A83-8841-0C7EA6549139}.Release|Any CPU.Build.0 = Release|Any CPU
		{5CD7652E-037E-437F-BF60-46EBC2B82750}.Debug|Any CPU.ActiveCfg = Debug|Any CPU
		{5CD7652E-037E-437F-BF60-46EBC2B82750}.Debug|Any CPU.Build.0 = Debug|Any CPU
		{5CD7652E-037E-437F-BF60-46EBC2B82750}.Release|Any CPU.ActiveCfg = Release|Any CPU
		{5CD7652E-037E-437F-BF60-46EBC2B82750}.Release|Any CPU.Build.0 = Release|Any CPU
		{D54EC3DB-8C85-43CF-B81A-4680093E5608}.Debug|Any CPU.ActiveCfg = Debug|Any CPU
		{D54EC3DB-8C85-43CF-B81A-4680093E5608}.Debug|Any CPU.Build.0 = Debug|Any CPU
		{D54EC3DB-8C85-43CF-B81A-4680093E5608}.Release|Any CPU.ActiveCfg = Release|Any CPU
		{D54EC3DB-8C85-43CF-B81A-4680093E5608}.Release|Any CPU.Build.0 = Release|Any CPU
		{037DA3B2-368E-489A-9190-AAC6A2666D45}.Debug|Any CPU.ActiveCfg = Debug|Any CPU
		{037DA3B2-368E-489A-9190-AAC6A2666D45}.Debug|Any CPU.Build.0 = Debug|Any CPU
		{037DA3B2-368E-489A-9190-AAC6A2666D45}.Release|Any CPU.ActiveCfg = Release|Any CPU
		{037DA3B2-368E-489A-9190-AAC6A2666D45}.Release|Any CPU.Build.0 = Release|Any CPU
		{31A42251-9F85-425E-BCC9-98E47E0A401A}.Debug|Any CPU.ActiveCfg = Debug|Any CPU
		{31A42251-9F85-425E-BCC9-98E47E0A401A}.Debug|Any CPU.Build.0 = Debug|Any CPU
		{31A42251-9F85-425E-BCC9-98E47E0A401A}.Release|Any CPU.ActiveCfg = Release|Any CPU
		{31A42251-9F85-425E-BCC9-98E47E0A401A}.Release|Any CPU.Build.0 = Release|Any CPU
		{BEC49638-A9E6-4ED9-839B-F5EF54685071}.Debug|Any CPU.ActiveCfg = Debug|Any CPU
		{BEC49638-A9E6-4ED9-839B-F5EF54685071}.Debug|Any CPU.Build.0 = Debug|Any CPU
		{BEC49638-A9E6-4ED9-839B-F5EF54685071}.Release|Any CPU.ActiveCfg = Release|Any CPU
		{BEC49638-A9E6-4ED9-839B-F5EF54685071}.Release|Any CPU.Build.0 = Release|Any CPU
		{1E04A23D-6D94-449C-8ABF-E7844310A826}.Debug|Any CPU.ActiveCfg = Debug|Any CPU
		{1E04A23D-6D94-449C-8ABF-E7844310A826}.Debug|Any CPU.Build.0 = Debug|Any CPU
		{1E04A23D-6D94-449C-8ABF-E7844310A826}.Release|Any CPU.ActiveCfg = Release|Any CPU
		{1E04A23D-6D94-449C-8ABF-E7844310A826}.Release|Any CPU.Build.0 = Release|Any CPU
		{02639B31-49F3-4606-84EE-FB505A2A3757}.Debug|Any CPU.ActiveCfg = Debug|Any CPU
		{02639B31-49F3-4606-84EE-FB505A2A3757}.Debug|Any CPU.Build.0 = Debug|Any CPU
		{02639B31-49F3-4606-84EE-FB505A2A3757}.Release|Any CPU.ActiveCfg = Release|Any CPU
		{02639B31-49F3-4606-84EE-FB505A2A3757}.Release|Any CPU.Build.0 = Release|Any CPU
		{9C21ADBB-2FA7-4A65-85EA-CA129572382F}.Debug|Any CPU.ActiveCfg = Debug|Any CPU
		{9C21ADBB-2FA7-4A65-85EA-CA129572382F}.Debug|Any CPU.Build.0 = Debug|Any CPU
		{9C21ADBB-2FA7-4A65-85EA-CA129572382F}.Release|Any CPU.ActiveCfg = Release|Any CPU
		{9C21ADBB-2FA7-4A65-85EA-CA129572382F}.Release|Any CPU.Build.0 = Release|Any CPU
		{8927B98D-254C-41EA-A0FF-E21504BC71DB}.Debug|Any CPU.ActiveCfg = Debug|Any CPU
		{8927B98D-254C-41EA-A0FF-E21504BC71DB}.Debug|Any CPU.Build.0 = Debug|Any CPU
		{8927B98D-254C-41EA-A0FF-E21504BC71DB}.Release|Any CPU.ActiveCfg = Release|Any CPU
		{8927B98D-254C-41EA-A0FF-E21504BC71DB}.Release|Any CPU.Build.0 = Release|Any CPU
		{9B4542C2-4F5C-4AE7-A72B-0643B5E7D41F}.Debug|Any CPU.ActiveCfg = Debug|Any CPU
		{9B4542C2-4F5C-4AE7-A72B-0643B5E7D41F}.Debug|Any CPU.Build.0 = Debug|Any CPU
		{9B4542C2-4F5C-4AE7-A72B-0643B5E7D41F}.Release|Any CPU.ActiveCfg = Release|Any CPU
		{9B4542C2-4F5C-4AE7-A72B-0643B5E7D41F}.Release|Any CPU.Build.0 = Release|Any CPU
		{378F330F-7A09-4315-B729-0F538928ED55}.Debug|Any CPU.ActiveCfg = Debug|Any CPU
		{378F330F-7A09-4315-B729-0F538928ED55}.Debug|Any CPU.Build.0 = Debug|Any CPU
		{378F330F-7A09-4315-B729-0F538928ED55}.Release|Any CPU.ActiveCfg = Release|Any CPU
		{378F330F-7A09-4315-B729-0F538928ED55}.Release|Any CPU.Build.0 = Release|Any CPU
	EndGlobalSection
	GlobalSection(SolutionProperties) = preSolution
		HideSolutionNode = FALSE
	EndGlobalSection
	GlobalSection(ExtensibilityGlobals) = postSolution
		SolutionGuid = {6DB0D13D-65A3-4D6C-8DB4-53BFB645700A}
	EndGlobalSection
EndGlobal
